
Microsoft Visual Studio Solution File, Format Version 12.00
# Visual Studio Version 16
VisualStudioVersion = 16.0.31702.278
MinimumVisualStudioVersion = 10.0.40219.1
Project("{FAE04EC0-301F-11D3-BF4B-00C04F79EFBC}") = "EscrituraArchivo", "EscrituraArchivo.csproj", "{6A463244-DEA1-4C92-BD65-C0A00D930656}"
EndProject
Global
	GlobalSection(SolutionConfigurationPlatforms) = preSolution
		Debug|Any CPU = Debug|Any CPU
		Release|Any CPU = Release|Any CPU
	EndGlobalSection
	GlobalSection(ProjectConfigurationPlatforms) = postSolution
		{6A463244-DEA1-4C92-BD65-C0A00D930656}.Debug|Any CPU.ActiveCfg = Debug|Any CPU
		{6A463244-DEA1-4C92-BD65-C0A00D930656}.Debug|Any CPU.Build.0 = Debug|Any CPU
		{6A463244-DEA1-4C92-BD65-C0A00D930656}.Release|Any CPU.ActiveCfg = Release|Any CPU
		{6A463244-DEA1-4C92-BD65-C0A00D930656}.Release|Any CPU.Build.0 = Release|Any CPU
	EndGlobalSection
	GlobalSection(SolutionProperties) = preSolution
		HideSolutionNode = FALSE
	EndGlobalSection
	GlobalSection(ExtensibilityGlobals) = postSolution
		SolutionGuid = {379C223F-756B-44D6-926F-2992DB95136F}
	EndGlobalSection
EndGlobal
